
Microsoft Visual Studio Solution File, Format Version 12.00
# Visual Studio Version 17
VisualStudioVersion = 17.6.33712.159
MinimumVisualStudioVersion = 10.0.40219.1
Project("{9A19103F-16F7-4668-BE54-9A1E7A4F7556}") = "Table", "Table\Table.csproj", "{E62CC0FA-4A74-47BB-9B59-04FFDBBEA16E}"
EndProject
Project("{9A19103F-16F7-4668-BE54-9A1E7A4F7556}") = "Table.Desktop", "Table.Desktop\Table.Desktop.csproj", "{0BAC93F7-19BD-4AAB-8185-73A86ACB18EA}"
EndProject
Global
	GlobalSection(SolutionConfigurationPlatforms) = preSolution
		Debug|Any CPU = Debug|Any CPU
		Release|Any CPU = Release|Any CPU
	EndGlobalSection
	GlobalSection(ProjectConfigurationPlatforms) = postSolution
		{E62CC0FA-4A74-47BB-9B59-04FFDBBEA16E}.Debug|Any CPU.ActiveCfg = Debug|Any CPU
		{E62CC0FA-4A74-47BB-9B59-04FFDBBEA16E}.Debug|Any CPU.Build.0 = Debug|Any CPU
		{E62CC0FA-4A74-47BB-9B59-04FFDBBEA16E}.Release|Any CPU.ActiveCfg = Release|Any CPU
		{E62CC0FA-4A74-47BB-9B59-04FFDBBEA16E}.Release|Any CPU.Build.0 = Release|Any CPU
		{0BAC93F7-19BD-4AAB-8185-73A86ACB18EA}.Debug|Any CPU.ActiveCfg = Debug|Any CPU
		{0BAC93F7-19BD-4AAB-8185-73A86ACB18EA}.Debug|Any CPU.Build.0 = Debug|Any CPU
		{0BAC93F7-19BD-4AAB-8185-73A86ACB18EA}.Release|Any CPU.ActiveCfg = Release|Any CPU
		{0BAC93F7-19BD-4AAB-8185-73A86ACB18EA}.Release|Any CPU.Build.0 = Release|Any CPU
	EndGlobalSection
	GlobalSection(SolutionProperties) = preSolution
		HideSolutionNode = FALSE
	EndGlobalSection
	GlobalSection(ExtensibilityGlobals) = postSolution
		SolutionGuid = {A2775E5D-ED97-4496-9069-221D2FF2CBD9}
	EndGlobalSection
EndGlobal
